// !$*UTF8*$!
{
	archiveVersion = 1;
	classes = {
	};
	objectVersion = 77;
	objects = {

/* Begin PBXBuildFile section */
		254BFC2A2CED7EC000FA803D /* NJBombNode.swift in Sources */ = {isa = PBXBuildFile; fileRef = 254BFC292CED7EC000FA803D /* NJBombNode.swift */; };
		6B1EBEDF2CD4311100C12961 /* NJScoreNode.swift in Sources */ = {isa = PBXBuildFile; fileRef = 6B1EBEDE2CD4311100C12961 /* NJScoreNode.swift */; };
		6B1EBEE12CD4395A00C12961 /* NJPhysicsCategory.swift in Sources */ = {isa = PBXBuildFile; fileRef = 6B1EBEE02CD4395A00C12961 /* NJPhysicsCategory.swift */; };
		6B4DA9B72CDACD8900042806 /* NJHawkNode.swift in Sources */ = {isa = PBXBuildFile; fileRef = 6B4DA9B62CDACD8900042806 /* NJHawkNode.swift */; };
		6B4DA9B82CDACD8900042806 /* NJFruitNode.swift in Sources */ = {isa = PBXBuildFile; fileRef = 6B4DA9B52CDACD8900042806 /* NJFruitNode.swift */; };
		6B4DA9BA2CDAD16B00042806 /* NJGameOverState.swift in Sources */ = {isa = PBXBuildFile; fileRef = 6B4DA9B92CDAD16500042806 /* NJGameOverState.swift */; };
		6B4DA9BC2CDAE95300042806 /* NJGroundNode.swift in Sources */ = {isa = PBXBuildFile; fileRef = 6B4DA9BB2CDAE95300042806 /* NJGroundNode.swift */; };
		6BB5D7E22CDC26C60024F926 /* NJPowerUpTrackerNode.swift in Sources */ = {isa = PBXBuildFile; fileRef = 6BB5D7E12CDC26C60024F926 /* NJPowerUpTrackerNode.swift */; };
		6BE49A062CD17DF4000DB8DF /* NJGameContext.swift in Sources */ = {isa = PBXBuildFile; fileRef = C9641A622CC86BA100A998FE /* NJGameContext.swift */; };
		6BE49A072CD17E07000DB8DF /* NJGameScene.swift in Sources */ = {isa = PBXBuildFile; fileRef = C9641A632CC86BC400A998FE /* NJGameScene.swift */; };
		6BE49A082CD17E3E000DB8DF /* NJLayoutInfo.swift in Sources */ = {isa = PBXBuildFile; fileRef = C9641A642CC86CBA00A998FE /* NJLayoutInfo.swift */; };
		6BE49A092CD17E44000DB8DF /* NJGameInfo.swift in Sources */ = {isa = PBXBuildFile; fileRef = C9641A652CC86CDA00A998FE /* NJGameInfo.swift */; };
		6BE49A0A2CD17E4A000DB8DF /* NJGameIdleState.swift in Sources */ = {isa = PBXBuildFile; fileRef = C9641A672CC86D3300A998FE /* NJGameIdleState.swift */; };
		6BE49A4D2CD18198000DB8DF /* NJRunningState.swift in Sources */ = {isa = PBXBuildFile; fileRef = 6BE49A4C2CD1818D000DB8DF /* NJRunningState.swift */; };
		6BE49A4F2CD181AA000DB8DF /* NJJumpingState.swift in Sources */ = {isa = PBXBuildFile; fileRef = 6BE49A4E2CD181A5000DB8DF /* NJJumpingState.swift */; };
		6BE49A512CD181B6000DB8DF /* NJFallingState.swift in Sources */ = {isa = PBXBuildFile; fileRef = 6BE49A502CD181AF000DB8DF /* NJFallingState.swift */; };
		6BE49A532CD18660000DB8DF /* NJWallNode.swift in Sources */ = {isa = PBXBuildFile; fileRef = 6BE49A522CD18660000DB8DF /* NJWallNode.swift */; };
		6BE49A552CD18A4D000DB8DF /* NJPlayerNode.swift in Sources */ = {isa = PBXBuildFile; fileRef = 6BE49A542CD18A4D000DB8DF /* NJPlayerNode.swift */; };
		C935E6D42CF837F600ECAF98 /* NJBranchNode.swift in Sources */ = {isa = PBXBuildFile; fileRef = C935E6D32CF837F600ECAF98 /* NJBranchNode.swift */; };
		C94F09E72CDECC0A005D5455 /* NJBackgroundNode.swift in Sources */ = {isa = PBXBuildFile; fileRef = C94F09E62CDECC0A005D5455 /* NJBackgroundNode.swift */; };
		C95FE2F52CF6C7D800351D6F /* NJTitleNode.swift in Sources */ = {isa = PBXBuildFile; fileRef = C95FE2F42CF6C7D800351D6F /* NJTitleNode.swift */; };
		C9641A412CC8602300A998FE /* Assets.xcassets in Resources */ = {isa = PBXBuildFile; fileRef = C9641A3A2CC8602300A998FE /* Assets.xcassets */; };
		C9641A4C2CC8629F00A998FE /* Dependencies.swift in Sources */ = {isa = PBXBuildFile; fileRef = C9641A482CC8629F00A998FE /* Dependencies.swift */; };
		C9641A4D2CC8629F00A998FE /* GameModeType.swift in Sources */ = {isa = PBXBuildFile; fileRef = C9641A4A2CC8629F00A998FE /* GameModeType.swift */; };
		C9641A4E2CC8629F00A998FE /* GameType.swift in Sources */ = {isa = PBXBuildFile; fileRef = C9641A4B2CC8629F00A998FE /* GameType.swift */; };
		C9641A4F2CC8629F00A998FE /* GameContext.swift in Sources */ = {isa = PBXBuildFile; fileRef = C9641A492CC8629F00A998FE /* GameContext.swift */; };
		C9A1E5BB2CFAD492008E78F6 /* PPNeueMontreal-SemiBolditalic.otf in Resources */ = {isa = PBXBuildFile; fileRef = C9A1E5B92CFAD492008E78F6 /* PPNeueMontreal-SemiBolditalic.otf */; };
		C9A1E5BC2CFAD492008E78F6 /* PPNeueMontreal-Bold.otf in Resources */ = {isa = PBXBuildFile; fileRef = C9A1E5B42CFAD492008E78F6 /* PPNeueMontreal-Bold.otf */; };
		C9A1E5BD2CFAD492008E78F6 /* PPNeueMontreal-Medium.otf in Resources */ = {isa = PBXBuildFile; fileRef = C9A1E5B72CFAD492008E78F6 /* PPNeueMontreal-Medium.otf */; };
		C9A1E5BE2CFAD492008E78F6 /* PPNeueMontreal-SemiBold.ttf in Resources */ = {isa = PBXBuildFile; fileRef = C9A1E5B82CFAD492008E78F6 /* PPNeueMontreal-SemiBold.ttf */; };
		C9A1E5BF2CFAD492008E78F6 /* PPNeueMontreal-Book.otf in Resources */ = {isa = PBXBuildFile; fileRef = C9A1E5B52CFAD492008E78F6 /* PPNeueMontreal-Book.otf */; };
		C9A1E5C02CFAD492008E78F6 /* PPNeueMontreal-Italic.otf in Resources */ = {isa = PBXBuildFile; fileRef = C9A1E5B62CFAD492008E78F6 /* PPNeueMontreal-Italic.otf */; };
		C9A1E5C12CFAD492008E78F6 /* PPNeueMontreal-Thin.otf in Resources */ = {isa = PBXBuildFile; fileRef = C9A1E5BA2CFAD492008E78F6 /* PPNeueMontreal-Thin.otf */; };
		C9A3BE5F2CE98105006E3E60 /* NJFoxNode.swift in Sources */ = {isa = PBXBuildFile; fileRef = C9A3BE5E2CE98105006E3E60 /* NJFoxNode.swift */; };
		C9A3BE612CE98274006E3E60 /* NJFoxBranchNode.swift in Sources */ = {isa = PBXBuildFile; fileRef = C9A3BE602CE98274006E3E60 /* NJFoxBranchNode.swift */; };
		C9A5FB5B2D162B0200F43AD1 /* NJOwlNode.swift in Sources */ = {isa = PBXBuildFile; fileRef = C9A5FB5A2D162B0200F43AD1 /* NJOwlNode.swift */; };
		C9A8F04F2CE80469007602A2 /* NJNutNode.swift in Sources */ = {isa = PBXBuildFile; fileRef = C9A8F04E2CE80469007602A2 /* NJNutNode.swift */; };
		C9C6D8822CFBC86800FD737D /* NJHawkState.swift in Sources */ = {isa = PBXBuildFile; fileRef = C9C6D8812CFBC86300FD737D /* NJHawkState.swift */; };
		C9D78BAF2D06581400110AC7 /* NJPlayerTrail.sks in Resources */ = {isa = PBXBuildFile; fileRef = C9D78BAE2D06581400110AC7 /* NJPlayerTrail.sks */; };
		C9D78BB12D0660A500110AC7 /* NJEnemyDeath.sks in Resources */ = {isa = PBXBuildFile; fileRef = C9D78BB02D0660A500110AC7 /* NJEnemyDeath.sks */; };
		C9D78BB32D066F3B00110AC7 /* NJBombExplosion.sks in Resources */ = {isa = PBXBuildFile; fileRef = C9D78BB22D066F3B00110AC7 /* NJBombExplosion.sks */; };
		C9F23EA82D0A5C0700A59BB5 /* NJNutParticle.sks in Resources */ = {isa = PBXBuildFile; fileRef = C9F23EA72D0A5C0700A59BB5 /* NJNutParticle.sks */; };
		C9F23EAA2D0A5DC900A59BB5 /* NJNutCollection.sks in Resources */ = {isa = PBXBuildFile; fileRef = C9F23EA92D0A5DC900A59BB5 /* NJNutCollection.sks */; };
/* End PBXBuildFile section */

/* Begin PBXContainerItemProxy section */
		C91B30332CBE250300ACDF61 /* PBXContainerItemProxy */ = {
			isa = PBXContainerItemProxy;
			containerPortal = C91B30192CBE250100ACDF61 /* Project object */;
			proxyType = 1;
			remoteGlobalIDString = C91B30202CBE250100ACDF61;
			remoteInfo = nutty_jump;
		};
		C91B303D2CBE250300ACDF61 /* PBXContainerItemProxy */ = {
			isa = PBXContainerItemProxy;
			containerPortal = C91B30192CBE250100ACDF61 /* Project object */;
			proxyType = 1;
			remoteGlobalIDString = C91B30202CBE250100ACDF61;
			remoteInfo = nutty_jump;
		};
/* End PBXContainerItemProxy section */

/* Begin PBXFileReference section */
		254BFC292CED7EC000FA803D /* NJBombNode.swift */ = {isa = PBXFileReference; lastKnownFileType = sourcecode.swift; path = NJBombNode.swift; sourceTree = SOURCE_ROOT; };
		6B1EBEDE2CD4311100C12961 /* NJScoreNode.swift */ = {isa = PBXFileReference; lastKnownFileType = sourcecode.swift; name = NJScoreNode.swift; path = Code/NJScoreNode.swift; sourceTree = SOURCE_ROOT; };
		6B1EBEE02CD4395A00C12961 /* NJPhysicsCategory.swift */ = {isa = PBXFileReference; lastKnownFileType = sourcecode.swift; name = NJPhysicsCategory.swift; path = Code/NJPhysicsCategory.swift; sourceTree = SOURCE_ROOT; };
		6B4DA9B52CDACD8900042806 /* NJFruitNode.swift */ = {isa = PBXFileReference; lastKnownFileType = sourcecode.swift; name = NJFruitNode.swift; path = Code/NJFruitNode.swift; sourceTree = SOURCE_ROOT; };
		6B4DA9B62CDACD8900042806 /* NJHawkNode.swift */ = {isa = PBXFileReference; lastKnownFileType = sourcecode.swift; name = NJHawkNode.swift; path = Code/NJHawkNode.swift; sourceTree = SOURCE_ROOT; };
		6B4DA9B92CDAD16500042806 /* NJGameOverState.swift */ = {isa = PBXFileReference; lastKnownFileType = sourcecode.swift; path = NJGameOverState.swift; sourceTree = "<group>"; };
		6B4DA9BB2CDAE95300042806 /* NJGroundNode.swift */ = {isa = PBXFileReference; lastKnownFileType = sourcecode.swift; name = NJGroundNode.swift; path = Code/NJGroundNode.swift; sourceTree = SOURCE_ROOT; };
		6BB5D7E12CDC26C60024F926 /* NJPowerUpTrackerNode.swift */ = {isa = PBXFileReference; lastKnownFileType = sourcecode.swift; name = NJPowerUpTrackerNode.swift; path = Code/NJPowerUpTrackerNode.swift; sourceTree = SOURCE_ROOT; };
		6BE49A4C2CD1818D000DB8DF /* NJRunningState.swift */ = {isa = PBXFileReference; lastKnownFileType = sourcecode.swift; path = NJRunningState.swift; sourceTree = "<group>"; };
		6BE49A4E2CD181A5000DB8DF /* NJJumpingState.swift */ = {isa = PBXFileReference; lastKnownFileType = sourcecode.swift; path = NJJumpingState.swift; sourceTree = "<group>"; };
		6BE49A502CD181AF000DB8DF /* NJFallingState.swift */ = {isa = PBXFileReference; lastKnownFileType = sourcecode.swift; path = NJFallingState.swift; sourceTree = "<group>"; };
		6BE49A522CD18660000DB8DF /* NJWallNode.swift */ = {isa = PBXFileReference; lastKnownFileType = sourcecode.swift; name = NJWallNode.swift; path = Code/NJWallNode.swift; sourceTree = SOURCE_ROOT; };
		6BE49A542CD18A4D000DB8DF /* NJPlayerNode.swift */ = {isa = PBXFileReference; lastKnownFileType = sourcecode.swift; name = NJPlayerNode.swift; path = Code/NJPlayerNode.swift; sourceTree = SOURCE_ROOT; };
		C91B30212CBE250100ACDF61 /* nutty_jump.app */ = {isa = PBXFileReference; explicitFileType = wrapper.application; includeInIndex = 0; path = nutty_jump.app; sourceTree = BUILT_PRODUCTS_DIR; };
		C91B30322CBE250300ACDF61 /* nutty_jumpTests.xctest */ = {isa = PBXFileReference; explicitFileType = wrapper.cfbundle; includeInIndex = 0; path = nutty_jumpTests.xctest; sourceTree = BUILT_PRODUCTS_DIR; };
		C91B303C2CBE250300ACDF61 /* nutty_jumpUITests.xctest */ = {isa = PBXFileReference; explicitFileType = wrapper.cfbundle; includeInIndex = 0; path = nutty_jumpUITests.xctest; sourceTree = BUILT_PRODUCTS_DIR; };
		C935E6D32CF837F600ECAF98 /* NJBranchNode.swift */ = {isa = PBXFileReference; lastKnownFileType = sourcecode.swift; name = NJBranchNode.swift; path = Code/NJBranchNode.swift; sourceTree = SOURCE_ROOT; };
		C94F09E62CDECC0A005D5455 /* NJBackgroundNode.swift */ = {isa = PBXFileReference; lastKnownFileType = sourcecode.swift; name = NJBackgroundNode.swift; path = Code/NJBackgroundNode.swift; sourceTree = SOURCE_ROOT; };
		C95FE2F42CF6C7D800351D6F /* NJTitleNode.swift */ = {isa = PBXFileReference; lastKnownFileType = sourcecode.swift; name = NJTitleNode.swift; path = Code/NJTitleNode.swift; sourceTree = SOURCE_ROOT; };
		C9641A3A2CC8602300A998FE /* Assets.xcassets */ = {isa = PBXFileReference; lastKnownFileType = folder.assetcatalog; path = Assets.xcassets; sourceTree = "<group>"; };
		C9641A482CC8629F00A998FE /* Dependencies.swift */ = {isa = PBXFileReference; lastKnownFileType = sourcecode.swift; path = Dependencies.swift; sourceTree = "<group>"; };
		C9641A492CC8629F00A998FE /* GameContext.swift */ = {isa = PBXFileReference; lastKnownFileType = sourcecode.swift; path = GameContext.swift; sourceTree = "<group>"; };
		C9641A4A2CC8629F00A998FE /* GameModeType.swift */ = {isa = PBXFileReference; lastKnownFileType = sourcecode.swift; path = GameModeType.swift; sourceTree = "<group>"; };
		C9641A4B2CC8629F00A998FE /* GameType.swift */ = {isa = PBXFileReference; lastKnownFileType = sourcecode.swift; path = GameType.swift; sourceTree = "<group>"; };
		C9641A622CC86BA100A998FE /* NJGameContext.swift */ = {isa = PBXFileReference; lastKnownFileType = sourcecode.swift; path = NJGameContext.swift; sourceTree = "<group>"; };
		C9641A632CC86BC400A998FE /* NJGameScene.swift */ = {isa = PBXFileReference; lastKnownFileType = sourcecode.swift; path = NJGameScene.swift; sourceTree = "<group>"; };
		C9641A642CC86CBA00A998FE /* NJLayoutInfo.swift */ = {isa = PBXFileReference; lastKnownFileType = sourcecode.swift; path = NJLayoutInfo.swift; sourceTree = "<group>"; };
		C9641A652CC86CDA00A998FE /* NJGameInfo.swift */ = {isa = PBXFileReference; lastKnownFileType = sourcecode.swift; path = NJGameInfo.swift; sourceTree = "<group>"; };
		C9641A672CC86D3300A998FE /* NJGameIdleState.swift */ = {isa = PBXFileReference; lastKnownFileType = sourcecode.swift; path = NJGameIdleState.swift; sourceTree = "<group>"; };
		C9A1E5B42CFAD492008E78F6 /* PPNeueMontreal-Bold.otf */ = {isa = PBXFileReference; lastKnownFileType = file; path = "PPNeueMontreal-Bold.otf"; sourceTree = "<group>"; };
		C9A1E5B52CFAD492008E78F6 /* PPNeueMontreal-Book.otf */ = {isa = PBXFileReference; lastKnownFileType = file; path = "PPNeueMontreal-Book.otf"; sourceTree = "<group>"; };
		C9A1E5B62CFAD492008E78F6 /* PPNeueMontreal-Italic.otf */ = {isa = PBXFileReference; lastKnownFileType = file; path = "PPNeueMontreal-Italic.otf"; sourceTree = "<group>"; };
		C9A1E5B72CFAD492008E78F6 /* PPNeueMontreal-Medium.otf */ = {isa = PBXFileReference; lastKnownFileType = file; path = "PPNeueMontreal-Medium.otf"; sourceTree = "<group>"; };
		C9A1E5B82CFAD492008E78F6 /* PPNeueMontreal-SemiBold.ttf */ = {isa = PBXFileReference; lastKnownFileType = file; path = "PPNeueMontreal-SemiBold.ttf"; sourceTree = "<group>"; };
		C9A1E5B92CFAD492008E78F6 /* PPNeueMontreal-SemiBolditalic.otf */ = {isa = PBXFileReference; lastKnownFileType = file; path = "PPNeueMontreal-SemiBolditalic.otf"; sourceTree = "<group>"; };
		C9A1E5BA2CFAD492008E78F6 /* PPNeueMontreal-Thin.otf */ = {isa = PBXFileReference; lastKnownFileType = file; path = "PPNeueMontreal-Thin.otf"; sourceTree = "<group>"; };
		C9A3BE5E2CE98105006E3E60 /* NJFoxNode.swift */ = {isa = PBXFileReference; lastKnownFileType = sourcecode.swift; name = NJFoxNode.swift; path = Code/NJFoxNode.swift; sourceTree = SOURCE_ROOT; };
		C9A3BE602CE98274006E3E60 /* NJFoxBranchNode.swift */ = {isa = PBXFileReference; lastKnownFileType = sourcecode.swift; name = NJFoxBranchNode.swift; path = Code/NJFoxBranchNode.swift; sourceTree = SOURCE_ROOT; };
		C9A5FB5A2D162B0200F43AD1 /* NJOwlNode.swift */ = {isa = PBXFileReference; lastKnownFileType = sourcecode.swift; name = NJOwlNode.swift; path = Code/States/NJOwlNode.swift; sourceTree = SOURCE_ROOT; };
		C9A8F04E2CE80469007602A2 /* NJNutNode.swift */ = {isa = PBXFileReference; lastKnownFileType = sourcecode.swift; name = NJNutNode.swift; path = Code/NJNutNode.swift; sourceTree = SOURCE_ROOT; };
		C9C6D8812CFBC86300FD737D /* NJHawkState.swift */ = {isa = PBXFileReference; lastKnownFileType = sourcecode.swift; path = NJHawkState.swift; sourceTree = "<group>"; };
		C9D78BAE2D06581400110AC7 /* NJPlayerTrail.sks */ = {isa = PBXFileReference; lastKnownFileType = file.sks; path = NJPlayerTrail.sks; sourceTree = "<group>"; };
		C9D78BB02D0660A500110AC7 /* NJEnemyDeath.sks */ = {isa = PBXFileReference; lastKnownFileType = file.sks; path = NJEnemyDeath.sks; sourceTree = "<group>"; };
		C9D78BB22D066F3B00110AC7 /* NJBombExplosion.sks */ = {isa = PBXFileReference; lastKnownFileType = file.sks; path = NJBombExplosion.sks; sourceTree = "<group>"; };
		C9F23EA72D0A5C0700A59BB5 /* NJNutParticle.sks */ = {isa = PBXFileReference; lastKnownFileType = file.sks; path = NJNutParticle.sks; sourceTree = "<group>"; };
		C9F23EA92D0A5DC900A59BB5 /* NJNutCollection.sks */ = {isa = PBXFileReference; lastKnownFileType = file.sks; path = NJNutCollection.sks; sourceTree = "<group>"; };
/* End PBXFileReference section */

/* Begin PBXFileSystemSynchronizedRootGroup section */
		254BFC712D0D167000FA803D /* Sounds */ = {
			isa = PBXFileSystemSynchronizedRootGroup;
			path = Sounds;
			sourceTree = "<group>";
		};
		C91B30232CBE250100ACDF61 /* nutty_jump */ = {
			isa = PBXFileSystemSynchronizedRootGroup;
			path = nutty_jump;
			sourceTree = "<group>";
		};
		C91B30352CBE250300ACDF61 /* nutty_jumpTests */ = {
			isa = PBXFileSystemSynchronizedRootGroup;
			path = nutty_jumpTests;
			sourceTree = "<group>";
		};
		C91B303F2CBE250300ACDF61 /* nutty_jumpUITests */ = {
			isa = PBXFileSystemSynchronizedRootGroup;
			path = nutty_jumpUITests;
			sourceTree = "<group>";
		};
/* End PBXFileSystemSynchronizedRootGroup section */

/* Begin PBXFrameworksBuildPhase section */
		C91B301E2CBE250100ACDF61 /* Frameworks */ = {
			isa = PBXFrameworksBuildPhase;
			buildActionMask = 2147483647;
			files = (
			);
			runOnlyForDeploymentPostprocessing = 0;
		};
		C91B302F2CBE250300ACDF61 /* Frameworks */ = {
			isa = PBXFrameworksBuildPhase;
			buildActionMask = 2147483647;
			files = (
			);
			runOnlyForDeploymentPostprocessing = 0;
		};
		C91B30392CBE250300ACDF61 /* Frameworks */ = {
			isa = PBXFrameworksBuildPhase;
			buildActionMask = 2147483647;
			files = (
			);
			runOnlyForDeploymentPostprocessing = 0;
		};
/* End PBXFrameworksBuildPhase section */

/* Begin PBXGroup section */
		C91B30182CBE250100ACDF61 = {
			isa = PBXGroup;
			children = (
				254BFC712D0D167000FA803D /* Sounds */,
				C9641A512CC862B500A998FE /* Assets */,
				C9641A522CC862BE00A998FE /* Base */,
				C9641A502CC862AA00A998FE /* Code */,
				C91B30232CBE250100ACDF61 /* nutty_jump */,
				C91B30352CBE250300ACDF61 /* nutty_jumpTests */,
				C91B303F2CBE250300ACDF61 /* nutty_jumpUITests */,
				C91B30222CBE250100ACDF61 /* Products */,
				C9A1E5C22CFAD4CD008E78F6 /* Fonts */,
			);
			sourceTree = "<group>";
		};
		C91B30222CBE250100ACDF61 /* Products */ = {
			isa = PBXGroup;
			children = (
				C91B30212CBE250100ACDF61 /* nutty_jump.app */,
				C91B30322CBE250300ACDF61 /* nutty_jumpTests.xctest */,
				C91B303C2CBE250300ACDF61 /* nutty_jumpUITests.xctest */,
			);
			name = Products;
			sourceTree = "<group>";
		};
		C9641A502CC862AA00A998FE /* Code */ = {
			isa = PBXGroup;
			children = (
				C9641A662CC86D2700A998FE /* States */,
				C9641A682CC86DBD00A998FE /* Nodes */,
				C9641A692CC86DD900A998FE /* Models */,
				C9641A602CC8667500A998FE /* Helpers */,
				C9641A632CC86BC400A998FE /* NJGameScene.swift */,
				C9641A622CC86BA100A998FE /* NJGameContext.swift */,
			);
			path = Code;
			sourceTree = "<group>";
		};
		C9641A512CC862B500A998FE /* Assets */ = {
			isa = PBXGroup;
			children = (
				C9641A3A2CC8602300A998FE /* Assets.xcassets */,
				C9D78BAE2D06581400110AC7 /* NJPlayerTrail.sks */,
				C9D78BB02D0660A500110AC7 /* NJEnemyDeath.sks */,
				C9F23EA72D0A5C0700A59BB5 /* NJNutParticle.sks */,
				C9F23EA92D0A5DC900A59BB5 /* NJNutCollection.sks */,
				C9D78BB22D066F3B00110AC7 /* NJBombExplosion.sks */,
			);
			path = Assets;
			sourceTree = "<group>";
		};
		C9641A522CC862BE00A998FE /* Base */ = {
			isa = PBXGroup;
			children = (
				C9641A482CC8629F00A998FE /* Dependencies.swift */,
				C9641A492CC8629F00A998FE /* GameContext.swift */,
				C9641A4A2CC8629F00A998FE /* GameModeType.swift */,
				C9641A4B2CC8629F00A998FE /* GameType.swift */,
			);
			path = Base;
			sourceTree = "<group>";
		};
		C9641A602CC8667500A998FE /* Helpers */ = {
			isa = PBXGroup;
			children = (
				C9641A652CC86CDA00A998FE /* NJGameInfo.swift */,
				C9641A642CC86CBA00A998FE /* NJLayoutInfo.swift */,
			);
			path = Helpers;
			sourceTree = "<group>";
		};
		C9641A662CC86D2700A998FE /* States */ = {
			isa = PBXGroup;
			children = (
				6B4DA9B92CDAD16500042806 /* NJGameOverState.swift */,
				6BE49A4C2CD1818D000DB8DF /* NJRunningState.swift */,
				6BE49A4E2CD181A5000DB8DF /* NJJumpingState.swift */,
				C9C6D8812CFBC86300FD737D /* NJHawkState.swift */,
				6BE49A502CD181AF000DB8DF /* NJFallingState.swift */,
				C9641A672CC86D3300A998FE /* NJGameIdleState.swift */,
			);
			path = States;
			sourceTree = "<group>";
		};
		C9641A682CC86DBD00A998FE /* Nodes */ = {
			isa = PBXGroup;
			children = (
				C9A3BE5D2CE980D1006E3E60 /* Static Nodes */,
				C9A3BE5C2CE980B4006E3E60 /* Dynamic Nodes */,
			);
			path = Nodes;
			sourceTree = "<group>";
		};
		C9641A692CC86DD900A998FE /* Models */ = {
			isa = PBXGroup;
			children = (
				6B1EBEE02CD4395A00C12961 /* NJPhysicsCategory.swift */,
			);
			path = Models;
			sourceTree = "<group>";
		};
		C9A1E5C22CFAD4CD008E78F6 /* Fonts */ = {
			isa = PBXGroup;
			children = (
				C9A1E5B42CFAD492008E78F6 /* PPNeueMontreal-Bold.otf */,
				C9A1E5B52CFAD492008E78F6 /* PPNeueMontreal-Book.otf */,
				C9A1E5B62CFAD492008E78F6 /* PPNeueMontreal-Italic.otf */,
				C9A1E5B72CFAD492008E78F6 /* PPNeueMontreal-Medium.otf */,
				C9A1E5B82CFAD492008E78F6 /* PPNeueMontreal-SemiBold.ttf */,
				C9A1E5B92CFAD492008E78F6 /* PPNeueMontreal-SemiBolditalic.otf */,
				C9A1E5BA2CFAD492008E78F6 /* PPNeueMontreal-Thin.otf */,
			);
			path = Fonts;
			sourceTree = "<group>";
		};
		C9A3BE5C2CE980B4006E3E60 /* Dynamic Nodes */ = {
			isa = PBXGroup;
			children = (
				6B4DA9B52CDACD8900042806 /* NJFruitNode.swift */,
				6B4DA9B62CDACD8900042806 /* NJHawkNode.swift */,
				6BE49A542CD18A4D000DB8DF /* NJPlayerNode.swift */,
				C9A5FB5A2D162B0200F43AD1 /* NJOwlNode.swift */,
				C9A8F04E2CE80469007602A2 /* NJNutNode.swift */,
				C9A3BE5E2CE98105006E3E60 /* NJFoxNode.swift */,
				254BFC292CED7EC000FA803D /* NJBombNode.swift */,
			);
			name = "Dynamic Nodes";
			path = "Code/States/Dynamic Nodes";
			sourceTree = "<group>";
		};
		C9A3BE5D2CE980D1006E3E60 /* Static Nodes */ = {
			isa = PBXGroup;
			children = (
				C94F09E62CDECC0A005D5455 /* NJBackgroundNode.swift */,
				6BE49A522CD18660000DB8DF /* NJWallNode.swift */,
				6B4DA9BB2CDAE95300042806 /* NJGroundNode.swift */,
				6B1EBEDE2CD4311100C12961 /* NJScoreNode.swift */,
				6BB5D7E12CDC26C60024F926 /* NJPowerUpTrackerNode.swift */,
				C9A3BE602CE98274006E3E60 /* NJFoxBranchNode.swift */,
				C935E6D32CF837F600ECAF98 /* NJBranchNode.swift */,
				C95FE2F42CF6C7D800351D6F /* NJTitleNode.swift */,
			);
			name = "Static Nodes";
			path = "Code/States/Static Nodes";
			sourceTree = "<group>";
		};
/* End PBXGroup section */

/* Begin PBXNativeTarget section */
		C91B30202CBE250100ACDF61 /* nutty_jump */ = {
			isa = PBXNativeTarget;
			buildConfigurationList = C91B30462CBE250300ACDF61 /* Build configuration list for PBXNativeTarget "nutty_jump" */;
			buildPhases = (
				C91B301D2CBE250100ACDF61 /* Sources */,
				C91B301E2CBE250100ACDF61 /* Frameworks */,
				C91B301F2CBE250100ACDF61 /* Resources */,
			);
			buildRules = (
			);
			dependencies = (
			);
			fileSystemSynchronizedGroups = (
				254BFC712D0D167000FA803D /* Sounds */,
				C91B30232CBE250100ACDF61 /* nutty_jump */,
			);
			name = nutty_jump;
			packageProductDependencies = (
			);
			productName = nutty_jump;
			productReference = C91B30212CBE250100ACDF61 /* nutty_jump.app */;
			productType = "com.apple.product-type.application";
		};
		C91B30312CBE250300ACDF61 /* nutty_jumpTests */ = {
			isa = PBXNativeTarget;
			buildConfigurationList = C91B30492CBE250300ACDF61 /* Build configuration list for PBXNativeTarget "nutty_jumpTests" */;
			buildPhases = (
				C91B302E2CBE250300ACDF61 /* Sources */,
				C91B302F2CBE250300ACDF61 /* Frameworks */,
				C91B30302CBE250300ACDF61 /* Resources */,
			);
			buildRules = (
			);
			dependencies = (
				C91B30342CBE250300ACDF61 /* PBXTargetDependency */,
			);
			fileSystemSynchronizedGroups = (
				C91B30352CBE250300ACDF61 /* nutty_jumpTests */,
			);
			name = nutty_jumpTests;
			packageProductDependencies = (
			);
			productName = nutty_jumpTests;
			productReference = C91B30322CBE250300ACDF61 /* nutty_jumpTests.xctest */;
			productType = "com.apple.product-type.bundle.unit-test";
		};
		C91B303B2CBE250300ACDF61 /* nutty_jumpUITests */ = {
			isa = PBXNativeTarget;
			buildConfigurationList = C91B304C2CBE250300ACDF61 /* Build configuration list for PBXNativeTarget "nutty_jumpUITests" */;
			buildPhases = (
				C91B30382CBE250300ACDF61 /* Sources */,
				C91B30392CBE250300ACDF61 /* Frameworks */,
				C91B303A2CBE250300ACDF61 /* Resources */,
			);
			buildRules = (
			);
			dependencies = (
				C91B303E2CBE250300ACDF61 /* PBXTargetDependency */,
			);
			fileSystemSynchronizedGroups = (
				C91B303F2CBE250300ACDF61 /* nutty_jumpUITests */,
			);
			name = nutty_jumpUITests;
			packageProductDependencies = (
			);
			productName = nutty_jumpUITests;
			productReference = C91B303C2CBE250300ACDF61 /* nutty_jumpUITests.xctest */;
			productType = "com.apple.product-type.bundle.ui-testing";
		};
/* End PBXNativeTarget section */

/* Begin PBXProject section */
		C91B30192CBE250100ACDF61 /* Project object */ = {
			isa = PBXProject;
			attributes = {
				BuildIndependentTargetsInParallel = 1;
				LastSwiftUpdateCheck = 1600;
				LastUpgradeCheck = 1600;
				TargetAttributes = {
					C91B30202CBE250100ACDF61 = {
						CreatedOnToolsVersion = 16.0;
					};
					C91B30312CBE250300ACDF61 = {
						CreatedOnToolsVersion = 16.0;
						TestTargetID = C91B30202CBE250100ACDF61;
					};
					C91B303B2CBE250300ACDF61 = {
						CreatedOnToolsVersion = 16.0;
						TestTargetID = C91B30202CBE250100ACDF61;
					};
				};
			};
			buildConfigurationList = C91B301C2CBE250100ACDF61 /* Build configuration list for PBXProject "nutty_jump" */;
			developmentRegion = en;
			hasScannedForEncodings = 0;
			knownRegions = (
				en,
				Base,
			);
			mainGroup = C91B30182CBE250100ACDF61;
			minimizedProjectReferenceProxies = 1;
			preferredProjectObjectVersion = 77;
			productRefGroup = C91B30222CBE250100ACDF61 /* Products */;
			projectDirPath = "";
			projectRoot = "";
			targets = (
				C91B30202CBE250100ACDF61 /* nutty_jump */,
				C91B30312CBE250300ACDF61 /* nutty_jumpTests */,
				C91B303B2CBE250300ACDF61 /* nutty_jumpUITests */,
			);
		};
/* End PBXProject section */

/* Begin PBXResourcesBuildPhase section */
		C91B301F2CBE250100ACDF61 /* Resources */ = {
			isa = PBXResourcesBuildPhase;
			buildActionMask = 2147483647;
			files = (
				C9A1E5BB2CFAD492008E78F6 /* PPNeueMontreal-SemiBolditalic.otf in Resources */,
				C9A1E5BC2CFAD492008E78F6 /* PPNeueMontreal-Bold.otf in Resources */,
				C9F23EA82D0A5C0700A59BB5 /* NJNutParticle.sks in Resources */,
				C9A1E5BD2CFAD492008E78F6 /* PPNeueMontreal-Medium.otf in Resources */,
				C9A1E5BE2CFAD492008E78F6 /* PPNeueMontreal-SemiBold.ttf in Resources */,
				C9A1E5BF2CFAD492008E78F6 /* PPNeueMontreal-Book.otf in Resources */,
				C9A1E5C02CFAD492008E78F6 /* PPNeueMontreal-Italic.otf in Resources */,
				C9D78BB32D066F3B00110AC7 /* NJBombExplosion.sks in Resources */,
				C9F23EAA2D0A5DC900A59BB5 /* NJNutCollection.sks in Resources */,
				C9A1E5C12CFAD492008E78F6 /* PPNeueMontreal-Thin.otf in Resources */,
				C9D78BB12D0660A500110AC7 /* NJEnemyDeath.sks in Resources */,
				C9641A412CC8602300A998FE /* Assets.xcassets in Resources */,
				C9D78BAF2D06581400110AC7 /* NJPlayerTrail.sks in Resources */,
			);
			runOnlyForDeploymentPostprocessing = 0;
		};
		C91B30302CBE250300ACDF61 /* Resources */ = {
			isa = PBXResourcesBuildPhase;
			buildActionMask = 2147483647;
			files = (
			);
			runOnlyForDeploymentPostprocessing = 0;
		};
		C91B303A2CBE250300ACDF61 /* Resources */ = {
			isa = PBXResourcesBuildPhase;
			buildActionMask = 2147483647;
			files = (
			);
			runOnlyForDeploymentPostprocessing = 0;
		};
/* End PBXResourcesBuildPhase section */

/* Begin PBXSourcesBuildPhase section */
		C91B301D2CBE250100ACDF61 /* Sources */ = {
			isa = PBXSourcesBuildPhase;
			buildActionMask = 2147483647;
			files = (
				6BE49A062CD17DF4000DB8DF /* NJGameContext.swift in Sources */,
				C95FE2F52CF6C7D800351D6F /* NJTitleNode.swift in Sources */,
				6BB5D7E22CDC26C60024F926 /* NJPowerUpTrackerNode.swift in Sources */,
				6BE49A512CD181B6000DB8DF /* NJFallingState.swift in Sources */,
				6BE49A092CD17E44000DB8DF /* NJGameInfo.swift in Sources */,
				6BE49A532CD18660000DB8DF /* NJWallNode.swift in Sources */,
				C9A8F04F2CE80469007602A2 /* NJNutNode.swift in Sources */,
				C9641A4C2CC8629F00A998FE /* Dependencies.swift in Sources */,
				6B1EBEE12CD4395A00C12961 /* NJPhysicsCategory.swift in Sources */,
				6B4DA9BC2CDAE95300042806 /* NJGroundNode.swift in Sources */,
				254BFC2A2CED7EC000FA803D /* NJBombNode.swift in Sources */,
				C9641A4D2CC8629F00A998FE /* GameModeType.swift in Sources */,
				6BE49A4F2CD181AA000DB8DF /* NJJumpingState.swift in Sources */,
				6BE49A552CD18A4D000DB8DF /* NJPlayerNode.swift in Sources */,
				C9C6D8822CFBC86800FD737D /* NJHawkState.swift in Sources */,
				6BE49A4D2CD18198000DB8DF /* NJRunningState.swift in Sources */,
				6BE49A072CD17E07000DB8DF /* NJGameScene.swift in Sources */,
				C9641A4E2CC8629F00A998FE /* GameType.swift in Sources */,
				C9641A4F2CC8629F00A998FE /* GameContext.swift in Sources */,
				6BE49A082CD17E3E000DB8DF /* NJLayoutInfo.swift in Sources */,
				6B1EBEDF2CD4311100C12961 /* NJScoreNode.swift in Sources */,
				6B4DA9B72CDACD8900042806 /* NJHawkNode.swift in Sources */,
				C935E6D42CF837F600ECAF98 /* NJBranchNode.swift in Sources */,
				C9A3BE5F2CE98105006E3E60 /* NJFoxNode.swift in Sources */,
				C9A5FB5B2D162B0200F43AD1 /* NJOwlNode.swift in Sources */,
				6B4DA9B82CDACD8900042806 /* NJFruitNode.swift in Sources */,
				6B4DA9BA2CDAD16B00042806 /* NJGameOverState.swift in Sources */,
				6BE49A0A2CD17E4A000DB8DF /* NJGameIdleState.swift in Sources */,
				C9A3BE612CE98274006E3E60 /* NJFoxBranchNode.swift in Sources */,
				C94F09E72CDECC0A005D5455 /* NJBackgroundNode.swift in Sources */,
			);
			runOnlyForDeploymentPostprocessing = 0;
		};
		C91B302E2CBE250300ACDF61 /* Sources */ = {
			isa = PBXSourcesBuildPhase;
			buildActionMask = 2147483647;
			files = (
			);
			runOnlyForDeploymentPostprocessing = 0;
		};
		C91B30382CBE250300ACDF61 /* Sources */ = {
			isa = PBXSourcesBuildPhase;
			buildActionMask = 2147483647;
			files = (
			);
			runOnlyForDeploymentPostprocessing = 0;
		};
/* End PBXSourcesBuildPhase section */

/* Begin PBXTargetDependency section */
		C91B30342CBE250300ACDF61 /* PBXTargetDependency */ = {
			isa = PBXTargetDependency;
			target = C91B30202CBE250100ACDF61 /* nutty_jump */;
			targetProxy = C91B30332CBE250300ACDF61 /* PBXContainerItemProxy */;
		};
		C91B303E2CBE250300ACDF61 /* PBXTargetDependency */ = {
			isa = PBXTargetDependency;
			target = C91B30202CBE250100ACDF61 /* nutty_jump */;
			targetProxy = C91B303D2CBE250300ACDF61 /* PBXContainerItemProxy */;
		};
/* End PBXTargetDependency section */

/* Begin XCBuildConfiguration section */
		C91B30442CBE250300ACDF61 /* Debug */ = {
			isa = XCBuildConfiguration;
			buildSettings = {
				ALWAYS_SEARCH_USER_PATHS = NO;
				ASSETCATALOG_COMPILER_GENERATE_SWIFT_ASSET_SYMBOL_EXTENSIONS = YES;
				CLANG_ANALYZER_NONNULL = YES;
				CLANG_ANALYZER_NUMBER_OBJECT_CONVERSION = YES_AGGRESSIVE;
				CLANG_CXX_LANGUAGE_STANDARD = "gnu++20";
				CLANG_ENABLE_MODULES = YES;
				CLANG_ENABLE_OBJC_ARC = YES;
				CLANG_ENABLE_OBJC_WEAK = YES;
				CLANG_WARN_BLOCK_CAPTURE_AUTORELEASING = YES;
				CLANG_WARN_BOOL_CONVERSION = YES;
				CLANG_WARN_COMMA = YES;
				CLANG_WARN_CONSTANT_CONVERSION = YES;
				CLANG_WARN_DEPRECATED_OBJC_IMPLEMENTATIONS = YES;
				CLANG_WARN_DIRECT_OBJC_ISA_USAGE = YES_ERROR;
				CLANG_WARN_DOCUMENTATION_COMMENTS = YES;
				CLANG_WARN_EMPTY_BODY = YES;
				CLANG_WARN_ENUM_CONVERSION = YES;
				CLANG_WARN_INFINITE_RECURSION = YES;
				CLANG_WARN_INT_CONVERSION = YES;
				CLANG_WARN_NON_LITERAL_NULL_CONVERSION = YES;
				CLANG_WARN_OBJC_IMPLICIT_RETAIN_SELF = YES;
				CLANG_WARN_OBJC_LITERAL_CONVERSION = YES;
				CLANG_WARN_OBJC_ROOT_CLASS = YES_ERROR;
				CLANG_WARN_QUOTED_INCLUDE_IN_FRAMEWORK_HEADER = YES;
				CLANG_WARN_RANGE_LOOP_ANALYSIS = YES;
				CLANG_WARN_STRICT_PROTOTYPES = YES;
				CLANG_WARN_SUSPICIOUS_MOVE = YES;
				CLANG_WARN_UNGUARDED_AVAILABILITY = YES_AGGRESSIVE;
				CLANG_WARN_UNREACHABLE_CODE = YES;
				CLANG_WARN__DUPLICATE_METHOD_MATCH = YES;
				COPY_PHASE_STRIP = NO;
				DEBUG_INFORMATION_FORMAT = dwarf;
				ENABLE_STRICT_OBJC_MSGSEND = YES;
				ENABLE_TESTABILITY = YES;
				ENABLE_USER_SCRIPT_SANDBOXING = YES;
				GCC_C_LANGUAGE_STANDARD = gnu17;
				GCC_DYNAMIC_NO_PIC = NO;
				GCC_NO_COMMON_BLOCKS = YES;
				GCC_OPTIMIZATION_LEVEL = 0;
				GCC_PREPROCESSOR_DEFINITIONS = (
					"DEBUG=1",
					"$(inherited)",
				);
				GCC_WARN_64_TO_32_BIT_CONVERSION = YES;
				GCC_WARN_ABOUT_RETURN_TYPE = YES_ERROR;
				GCC_WARN_UNDECLARED_SELECTOR = YES;
				GCC_WARN_UNINITIALIZED_AUTOS = YES_AGGRESSIVE;
				GCC_WARN_UNUSED_FUNCTION = YES;
				GCC_WARN_UNUSED_VARIABLE = YES;
				LOCALIZATION_PREFERS_STRING_CATALOGS = YES;
				MTL_ENABLE_DEBUG_INFO = INCLUDE_SOURCE;
				MTL_FAST_MATH = YES;
				ONLY_ACTIVE_ARCH = YES;
				SWIFT_ACTIVE_COMPILATION_CONDITIONS = "DEBUG $(inherited)";
				SWIFT_OPTIMIZATION_LEVEL = "-Onone";
			};
			name = Debug;
		};
		C91B30452CBE250300ACDF61 /* Release */ = {
			isa = XCBuildConfiguration;
			buildSettings = {
				ALWAYS_SEARCH_USER_PATHS = NO;
				ASSETCATALOG_COMPILER_GENERATE_SWIFT_ASSET_SYMBOL_EXTENSIONS = YES;
				CLANG_ANALYZER_NONNULL = YES;
				CLANG_ANALYZER_NUMBER_OBJECT_CONVERSION = YES_AGGRESSIVE;
				CLANG_CXX_LANGUAGE_STANDARD = "gnu++20";
				CLANG_ENABLE_MODULES = YES;
				CLANG_ENABLE_OBJC_ARC = YES;
				CLANG_ENABLE_OBJC_WEAK = YES;
				CLANG_WARN_BLOCK_CAPTURE_AUTORELEASING = YES;
				CLANG_WARN_BOOL_CONVERSION = YES;
				CLANG_WARN_COMMA = YES;
				CLANG_WARN_CONSTANT_CONVERSION = YES;
				CLANG_WARN_DEPRECATED_OBJC_IMPLEMENTATIONS = YES;
				CLANG_WARN_DIRECT_OBJC_ISA_USAGE = YES_ERROR;
				CLANG_WARN_DOCUMENTATION_COMMENTS = YES;
				CLANG_WARN_EMPTY_BODY = YES;
				CLANG_WARN_ENUM_CONVERSION = YES;
				CLANG_WARN_INFINITE_RECURSION = YES;
				CLANG_WARN_INT_CONVERSION = YES;
				CLANG_WARN_NON_LITERAL_NULL_CONVERSION = YES;
				CLANG_WARN_OBJC_IMPLICIT_RETAIN_SELF = YES;
				CLANG_WARN_OBJC_LITERAL_CONVERSION = YES;
				CLANG_WARN_OBJC_ROOT_CLASS = YES_ERROR;
				CLANG_WARN_QUOTED_INCLUDE_IN_FRAMEWORK_HEADER = YES;
				CLANG_WARN_RANGE_LOOP_ANALYSIS = YES;
				CLANG_WARN_STRICT_PROTOTYPES = YES;
				CLANG_WARN_SUSPICIOUS_MOVE = YES;
				CLANG_WARN_UNGUARDED_AVAILABILITY = YES_AGGRESSIVE;
				CLANG_WARN_UNREACHABLE_CODE = YES;
				CLANG_WARN__DUPLICATE_METHOD_MATCH = YES;
				COPY_PHASE_STRIP = NO;
				DEBUG_INFORMATION_FORMAT = "dwarf-with-dsym";
				ENABLE_NS_ASSERTIONS = NO;
				ENABLE_STRICT_OBJC_MSGSEND = YES;
				ENABLE_USER_SCRIPT_SANDBOXING = YES;
				GCC_C_LANGUAGE_STANDARD = gnu17;
				GCC_NO_COMMON_BLOCKS = YES;
				GCC_WARN_64_TO_32_BIT_CONVERSION = YES;
				GCC_WARN_ABOUT_RETURN_TYPE = YES_ERROR;
				GCC_WARN_UNDECLARED_SELECTOR = YES;
				GCC_WARN_UNINITIALIZED_AUTOS = YES_AGGRESSIVE;
				GCC_WARN_UNUSED_FUNCTION = YES;
				GCC_WARN_UNUSED_VARIABLE = YES;
				LOCALIZATION_PREFERS_STRING_CATALOGS = YES;
				MTL_ENABLE_DEBUG_INFO = NO;
				MTL_FAST_MATH = YES;
				SWIFT_COMPILATION_MODE = wholemodule;
			};
			name = Release;
		};
		C91B30472CBE250300ACDF61 /* Debug */ = {
			isa = XCBuildConfiguration;
			buildSettings = {
				ASSETCATALOG_COMPILER_APPICON_NAME = AppIcon;
				ASSETCATALOG_COMPILER_GLOBAL_ACCENT_COLOR_NAME = AccentColor;
				CODE_SIGN_ENTITLEMENTS = nutty_jump/nutty_jump.entitlements;
				CODE_SIGN_STYLE = Automatic;
				CURRENT_PROJECT_VERSION = 1;
				DEVELOPMENT_ASSET_PATHS = "\"nutty_jump/Preview Content\"";
				DEVELOPMENT_TEAM = JS978YP3DM;
				ENABLE_PREVIEWS = YES;
				GENERATE_INFOPLIST_FILE = YES;
				INFOPLIST_FILE = "nutty-jump-Info.plist";
				INFOPLIST_KEY_CFBundleDisplayName = "Nutty Jump";
				"INFOPLIST_KEY_UIApplicationSceneManifest_Generation[sdk=iphoneos*]" = YES;
				"INFOPLIST_KEY_UIApplicationSceneManifest_Generation[sdk=iphonesimulator*]" = YES;
				"INFOPLIST_KEY_UIApplicationSupportsIndirectInputEvents[sdk=iphoneos*]" = YES;
				"INFOPLIST_KEY_UIApplicationSupportsIndirectInputEvents[sdk=iphonesimulator*]" = YES;
				"INFOPLIST_KEY_UILaunchScreen_Generation[sdk=iphoneos*]" = YES;
				"INFOPLIST_KEY_UILaunchScreen_Generation[sdk=iphonesimulator*]" = YES;
				"INFOPLIST_KEY_UIStatusBarStyle[sdk=iphoneos*]" = UIStatusBarStyleDefault;
				"INFOPLIST_KEY_UIStatusBarStyle[sdk=iphonesimulator*]" = UIStatusBarStyleDefault;
				INFOPLIST_KEY_UISupportedInterfaceOrientations = UIInterfaceOrientationPortrait;
				IPHONEOS_DEPLOYMENT_TARGET = 17.6;
				LD_RUNPATH_SEARCH_PATHS = "@executable_path/Frameworks";
				"LD_RUNPATH_SEARCH_PATHS[sdk=macosx*]" = "@executable_path/../Frameworks";
				MACOSX_DEPLOYMENT_TARGET = 14.7;
				MARKETING_VERSION = 1.0;
				PRODUCT_BUNDLE_IDENTIFIER = "com.hyel.nutty-jump-";
				PRODUCT_NAME = "$(TARGET_NAME)";
				SDKROOT = auto;
				SUPPORTED_PLATFORMS = "iphoneos iphonesimulator";
				SUPPORTS_MACCATALYST = NO;
				SWIFT_EMIT_LOC_STRINGS = YES;
				SWIFT_VERSION = 5.0;
				TARGETED_DEVICE_FAMILY = 1;
				XROS_DEPLOYMENT_TARGET = 2.0;
			};
			name = Debug;
		};
		C91B30482CBE250300ACDF61 /* Release */ = {
			isa = XCBuildConfiguration;
			buildSettings = {
				ASSETCATALOG_COMPILER_APPICON_NAME = AppIcon;
				ASSETCATALOG_COMPILER_GLOBAL_ACCENT_COLOR_NAME = AccentColor;
				CODE_SIGN_ENTITLEMENTS = nutty_jump/nutty_jump.entitlements;
				CODE_SIGN_STYLE = Automatic;
				CURRENT_PROJECT_VERSION = 1;
				DEVELOPMENT_ASSET_PATHS = "\"nutty_jump/Preview Content\"";
				DEVELOPMENT_TEAM = JS978YP3DM;
				ENABLE_PREVIEWS = YES;
				GENERATE_INFOPLIST_FILE = YES;
				INFOPLIST_FILE = "nutty-jump-Info.plist";
				INFOPLIST_KEY_CFBundleDisplayName = "Nutty Jump";
				"INFOPLIST_KEY_UIApplicationSceneManifest_Generation[sdk=iphoneos*]" = YES;
				"INFOPLIST_KEY_UIApplicationSceneManifest_Generation[sdk=iphonesimulator*]" = YES;
				"INFOPLIST_KEY_UIApplicationSupportsIndirectInputEvents[sdk=iphoneos*]" = YES;
				"INFOPLIST_KEY_UIApplicationSupportsIndirectInputEvents[sdk=iphonesimulator*]" = YES;
				"INFOPLIST_KEY_UILaunchScreen_Generation[sdk=iphoneos*]" = YES;
				"INFOPLIST_KEY_UILaunchScreen_Generation[sdk=iphonesimulator*]" = YES;
				"INFOPLIST_KEY_UIStatusBarStyle[sdk=iphoneos*]" = UIStatusBarStyleDefault;
				"INFOPLIST_KEY_UIStatusBarStyle[sdk=iphonesimulator*]" = UIStatusBarStyleDefault;
				INFOPLIST_KEY_UISupportedInterfaceOrientations = UIInterfaceOrientationPortrait;
				IPHONEOS_DEPLOYMENT_TARGET = 17.6;
				LD_RUNPATH_SEARCH_PATHS = "@executable_path/Frameworks";
				"LD_RUNPATH_SEARCH_PATHS[sdk=macosx*]" = "@executable_path/../Frameworks";
				MACOSX_DEPLOYMENT_TARGET = 14.7;
				MARKETING_VERSION = 1.0;
				PRODUCT_BUNDLE_IDENTIFIER = "com.hyel.nutty-jump-";
				PRODUCT_NAME = "$(TARGET_NAME)";
				SDKROOT = auto;
				SUPPORTED_PLATFORMS = "iphoneos iphonesimulator";
				SUPPORTS_MACCATALYST = NO;
				SWIFT_EMIT_LOC_STRINGS = YES;
				SWIFT_VERSION = 5.0;
				TARGETED_DEVICE_FAMILY = 1;
				XROS_DEPLOYMENT_TARGET = 2.0;
			};
			name = Release;
		};
		C91B304A2CBE250300ACDF61 /* Debug */ = {
			isa = XCBuildConfiguration;
			buildSettings = {
				BUNDLE_LOADER = "$(TEST_HOST)";
				CODE_SIGN_STYLE = Automatic;
				CURRENT_PROJECT_VERSION = 1;
				GENERATE_INFOPLIST_FILE = YES;
				IPHONEOS_DEPLOYMENT_TARGET = 18.0;
				MACOSX_DEPLOYMENT_TARGET = 14.7;
				MARKETING_VERSION = 1.0;
				PRODUCT_BUNDLE_IDENTIFIER = "HYEL.nutty-jumpTests";
				PRODUCT_NAME = "$(TARGET_NAME)";
				SDKROOT = auto;
				SUPPORTED_PLATFORMS = "iphoneos iphonesimulator macosx xros xrsimulator";
				SWIFT_EMIT_LOC_STRINGS = NO;
				SWIFT_VERSION = 5.0;
				TARGETED_DEVICE_FAMILY = "1,2,7";
				TEST_HOST = "$(BUILT_PRODUCTS_DIR)/nutty_jump.app/$(BUNDLE_EXECUTABLE_FOLDER_PATH)/nutty_jump";
				XROS_DEPLOYMENT_TARGET = 2.0;
			};
			name = Debug;
		};
		C91B304B2CBE250300ACDF61 /* Release */ = {
			isa = XCBuildConfiguration;
			buildSettings = {
				BUNDLE_LOADER = "$(TEST_HOST)";
				CODE_SIGN_STYLE = Automatic;
				CURRENT_PROJECT_VERSION = 1;
				GENERATE_INFOPLIST_FILE = YES;
				IPHONEOS_DEPLOYMENT_TARGET = 18.0;
				MACOSX_DEPLOYMENT_TARGET = 14.7;
				MARKETING_VERSION = 1.0;
				PRODUCT_BUNDLE_IDENTIFIER = "HYEL.nutty-jumpTests";
				PRODUCT_NAME = "$(TARGET_NAME)";
				SDKROOT = auto;
				SUPPORTED_PLATFORMS = "iphoneos iphonesimulator macosx xros xrsimulator";
				SWIFT_EMIT_LOC_STRINGS = NO;
				SWIFT_VERSION = 5.0;
				TARGETED_DEVICE_FAMILY = "1,2,7";
				TEST_HOST = "$(BUILT_PRODUCTS_DIR)/nutty_jump.app/$(BUNDLE_EXECUTABLE_FOLDER_PATH)/nutty_jump";
				XROS_DEPLOYMENT_TARGET = 2.0;
			};
			name = Release;
		};
		C91B304D2CBE250300ACDF61 /* Debug */ = {
			isa = XCBuildConfiguration;
			buildSettings = {
				CODE_SIGN_STYLE = Automatic;
				CURRENT_PROJECT_VERSION = 1;
				GENERATE_INFOPLIST_FILE = YES;
				IPHONEOS_DEPLOYMENT_TARGET = 18.0;
				MACOSX_DEPLOYMENT_TARGET = 14.7;
				MARKETING_VERSION = 1.0;
				PRODUCT_BUNDLE_IDENTIFIER = "HYEL.nutty-jumpUITests";
				PRODUCT_NAME = "$(TARGET_NAME)";
				SDKROOT = auto;
				SUPPORTED_PLATFORMS = "iphoneos iphonesimulator macosx xros xrsimulator";
				SWIFT_EMIT_LOC_STRINGS = NO;
				SWIFT_VERSION = 5.0;
				TARGETED_DEVICE_FAMILY = "1,2,7";
				TEST_TARGET_NAME = nutty_jump;
				XROS_DEPLOYMENT_TARGET = 2.0;
			};
			name = Debug;
		};
		C91B304E2CBE250300ACDF61 /* Release */ = {
			isa = XCBuildConfiguration;
			buildSettings = {
				CODE_SIGN_STYLE = Automatic;
				CURRENT_PROJECT_VERSION = 1;
				GENERATE_INFOPLIST_FILE = YES;
				IPHONEOS_DEPLOYMENT_TARGET = 18.0;
				MACOSX_DEPLOYMENT_TARGET = 14.7;
				MARKETING_VERSION = 1.0;
				PRODUCT_BUNDLE_IDENTIFIER = "HYEL.nutty-jumpUITests";
				PRODUCT_NAME = "$(TARGET_NAME)";
				SDKROOT = auto;
				SUPPORTED_PLATFORMS = "iphoneos iphonesimulator macosx xros xrsimulator";
				SWIFT_EMIT_LOC_STRINGS = NO;
				SWIFT_VERSION = 5.0;
				TARGETED_DEVICE_FAMILY = "1,2,7";
				TEST_TARGET_NAME = nutty_jump;
				XROS_DEPLOYMENT_TARGET = 2.0;
			};
			name = Release;
		};
/* End XCBuildConfiguration section */

/* Begin XCConfigurationList section */
		C91B301C2CBE250100ACDF61 /* Build configuration list for PBXProject "nutty_jump" */ = {
			isa = XCConfigurationList;
			buildConfigurations = (
				C91B30442CBE250300ACDF61 /* Debug */,
				C91B30452CBE250300ACDF61 /* Release */,
			);
			defaultConfigurationIsVisible = 0;
			defaultConfigurationName = Release;
		};
		C91B30462CBE250300ACDF61 /* Build configuration list for PBXNativeTarget "nutty_jump" */ = {
			isa = XCConfigurationList;
			buildConfigurations = (
				C91B30472CBE250300ACDF61 /* Debug */,
				C91B30482CBE250300ACDF61 /* Release */,
			);
			defaultConfigurationIsVisible = 0;
			defaultConfigurationName = Release;
		};
		C91B30492CBE250300ACDF61 /* Build configuration list for PBXNativeTarget "nutty_jumpTests" */ = {
			isa = XCConfigurationList;
			buildConfigurations = (
				C91B304A2CBE250300ACDF61 /* Debug */,
				C91B304B2CBE250300ACDF61 /* Release */,
			);
			defaultConfigurationIsVisible = 0;
			defaultConfigurationName = Release;
		};
		C91B304C2CBE250300ACDF61 /* Build configuration list for PBXNativeTarget "nutty_jumpUITests" */ = {
			isa = XCConfigurationList;
			buildConfigurations = (
				C91B304D2CBE250300ACDF61 /* Debug */,
				C91B304E2CBE250300ACDF61 /* Release */,
			);
			defaultConfigurationIsVisible = 0;
			defaultConfigurationName = Release;
		};
/* End XCConfigurationList section */
	};
	rootObject = C91B30192CBE250100ACDF61 /* Project object */;
}
