// !$*UTF8*$!
{
	archiveVersion = 1;
	classes = {
	};
	objectVersion = 77;
	objects = {

/* Begin PBXBuildFile section */
		C9641A412CC8602300A998FE /* Assets.xcassets in Resources */ = {isa = PBXBuildFile; fileRef = C9641A3A2CC8602300A998FE /* Assets.xcassets */; };
		C9641A4C2CC8629F00A998FE /* Dependencies.swift in Sources */ = {isa = PBXBuildFile; fileRef = C9641A482CC8629F00A998FE /* Dependencies.swift */; };
		C9641A4D2CC8629F00A998FE /* GameModeType.swift in Sources */ = {isa = PBXBuildFile; fileRef = C9641A4A2CC8629F00A998FE /* GameModeType.swift */; };
		C9641A4E2CC8629F00A998FE /* GameType.swift in Sources */ = {isa = PBXBuildFile; fileRef = C9641A4B2CC8629F00A998FE /* GameType.swift */; };
		C9641A4F2CC8629F00A998FE /* GameContext.swift in Sources */ = {isa = PBXBuildFile; fileRef = C9641A492CC8629F00A998FE /* GameContext.swift */; };
/* End PBXBuildFile section */

/* Begin PBXContainerItemProxy section */
		C91B30332CBE250300ACDF61 /* PBXContainerItemProxy */ = {
			isa = PBXContainerItemProxy;
			containerPortal = C91B30192CBE250100ACDF61 /* Project object */;
			proxyType = 1;
			remoteGlobalIDString = C91B30202CBE250100ACDF61;
			remoteInfo = nutty_jump;
		};
		C91B303D2CBE250300ACDF61 /* PBXContainerItemProxy */ = {
			isa = PBXContainerItemProxy;
			containerPortal = C91B30192CBE250100ACDF61 /* Project object */;
			proxyType = 1;
			remoteGlobalIDString = C91B30202CBE250100ACDF61;
			remoteInfo = nutty_jump;
		};
/* End PBXContainerItemProxy section */

/* Begin PBXFileReference section */
		C91B30212CBE250100ACDF61 /* nutty_jump.app */ = {isa = PBXFileReference; explicitFileType = wrapper.application; includeInIndex = 0; path = nutty_jump.app; sourceTree = BUILT_PRODUCTS_DIR; };
		C91B30322CBE250300ACDF61 /* nutty_jumpTests.xctest */ = {isa = PBXFileReference; explicitFileType = wrapper.cfbundle; includeInIndex = 0; path = nutty_jumpTests.xctest; sourceTree = BUILT_PRODUCTS_DIR; };
		C91B303C2CBE250300ACDF61 /* nutty_jumpUITests.xctest */ = {isa = PBXFileReference; explicitFileType = wrapper.cfbundle; includeInIndex = 0; path = nutty_jumpUITests.xctest; sourceTree = BUILT_PRODUCTS_DIR; };
		C9641A3A2CC8602300A998FE /* Assets.xcassets */ = {isa = PBXFileReference; lastKnownFileType = folder.assetcatalog; path = Assets.xcassets; sourceTree = "<group>"; };
		C9641A482CC8629F00A998FE /* Dependencies.swift */ = {isa = PBXFileReference; lastKnownFileType = sourcecode.swift; path = Dependencies.swift; sourceTree = "<group>"; };
		C9641A492CC8629F00A998FE /* GameContext.swift */ = {isa = PBXFileReference; lastKnownFileType = sourcecode.swift; path = GameContext.swift; sourceTree = "<group>"; };
		C9641A4A2CC8629F00A998FE /* GameModeType.swift */ = {isa = PBXFileReference; lastKnownFileType = sourcecode.swift; path = GameModeType.swift; sourceTree = "<group>"; };
		C9641A4B2CC8629F00A998FE /* GameType.swift */ = {isa = PBXFileReference; lastKnownFileType = sourcecode.swift; path = GameType.swift; sourceTree = "<group>"; };
		C9641A622CC86BA100A998FE /* NJGameContext.swift */ = {isa = PBXFileReference; lastKnownFileType = sourcecode.swift; path = NJGameContext.swift; sourceTree = "<group>"; };
		C9641A632CC86BC400A998FE /* NJGameScene.swift */ = {isa = PBXFileReference; lastKnownFileType = sourcecode.swift; path = NJGameScene.swift; sourceTree = "<group>"; };
		C9641A642CC86CBA00A998FE /* NJLayoutInfo.swift */ = {isa = PBXFileReference; lastKnownFileType = sourcecode.swift; path = NJLayoutInfo.swift; sourceTree = "<group>"; };
		C9641A652CC86CDA00A998FE /* NJGameInfo.swift */ = {isa = PBXFileReference; lastKnownFileType = sourcecode.swift; path = NJGameInfo.swift; sourceTree = "<group>"; };
		C9641A672CC86D3300A998FE /* NJGameIdleState.swift */ = {isa = PBXFileReference; lastKnownFileType = sourcecode.swift; path = NJGameIdleState.swift; sourceTree = "<group>"; };
/* End PBXFileReference section */

/* Begin PBXFileSystemSynchronizedRootGroup section */
		C91B30232CBE250100ACDF61 /* nutty_jump */ = {
			isa = PBXFileSystemSynchronizedRootGroup;
			path = nutty_jump;
			sourceTree = "<group>";
		};
		C91B30352CBE250300ACDF61 /* nutty_jumpTests */ = {
			isa = PBXFileSystemSynchronizedRootGroup;
			path = nutty_jumpTests;
			sourceTree = "<group>";
		};
		C91B303F2CBE250300ACDF61 /* nutty_jumpUITests */ = {
			isa = PBXFileSystemSynchronizedRootGroup;
			path = nutty_jumpUITests;
			sourceTree = "<group>";
		};
/* End PBXFileSystemSynchronizedRootGroup section */

/* Begin PBXFrameworksBuildPhase section */
		C91B301E2CBE250100ACDF61 /* Frameworks */ = {
			isa = PBXFrameworksBuildPhase;
			buildActionMask = 2147483647;
			files = (
			);
			runOnlyForDeploymentPostprocessing = 0;
		};
		C91B302F2CBE250300ACDF61 /* Frameworks */ = {
			isa = PBXFrameworksBuildPhase;
			buildActionMask = 2147483647;
			files = (
			);
			runOnlyForDeploymentPostprocessing = 0;
		};
		C91B30392CBE250300ACDF61 /* Frameworks */ = {
			isa = PBXFrameworksBuildPhase;
			buildActionMask = 2147483647;
			files = (
			);
			runOnlyForDeploymentPostprocessing = 0;
		};
/* End PBXFrameworksBuildPhase section */

/* Begin PBXGroup section */
		C91B30182CBE250100ACDF61 = {
			isa = PBXGroup;
			children = (
				C9641A512CC862B500A998FE /* Assets */,
				C9641A522CC862BE00A998FE /* Base */,
				C9641A502CC862AA00A998FE /* Code */,
				C91B30232CBE250100ACDF61 /* nutty_jump */,
				C91B30352CBE250300ACDF61 /* nutty_jumpTests */,
				C91B303F2CBE250300ACDF61 /* nutty_jumpUITests */,
				C91B30222CBE250100ACDF61 /* Products */,
			);
			sourceTree = "<group>";
		};
		C91B30222CBE250100ACDF61 /* Products */ = {
			isa = PBXGroup;
			children = (
				C91B30212CBE250100ACDF61 /* nutty_jump.app */,
				C91B30322CBE250300ACDF61 /* nutty_jumpTests.xctest */,
				C91B303C2CBE250300ACDF61 /* nutty_jumpUITests.xctest */,
			);
			name = Products;
			sourceTree = "<group>";
		};
		C9641A502CC862AA00A998FE /* Code */ = {
			isa = PBXGroup;
			children = (
				C9641A662CC86D2700A998FE /* States */,
				C9641A682CC86DBD00A998FE /* Nodes */,
				C9641A692CC86DD900A998FE /* Models */,
				C9641A602CC8667500A998FE /* Helpers */,
				C9641A632CC86BC400A998FE /* NJGameScene.swift */,
				C9641A622CC86BA100A998FE /* NJGameContext.swift */,
			);
			path = Code;
			sourceTree = "<group>";
		};
		C9641A512CC862B500A998FE /* Assets */ = {
			isa = PBXGroup;
			children = (
				C9641A3A2CC8602300A998FE /* Assets.xcassets */,
			);
			path = Assets;
			sourceTree = "<group>";
		};
		C9641A522CC862BE00A998FE /* Base */ = {
			isa = PBXGroup;
			children = (
				C9641A482CC8629F00A998FE /* Dependencies.swift */,
				C9641A492CC8629F00A998FE /* GameContext.swift */,
				C9641A4A2CC8629F00A998FE /* GameModeType.swift */,
				C9641A4B2CC8629F00A998FE /* GameType.swift */,
			);
			path = Base;
			sourceTree = "<group>";
		};
		C9641A602CC8667500A998FE /* Helpers */ = {
			isa = PBXGroup;
			children = (
				C9641A652CC86CDA00A998FE /* NJGameInfo.swift */,
				C9641A642CC86CBA00A998FE /* NJLayoutInfo.swift */,
			);
			path = Helpers;
			sourceTree = "<group>";
		};
		C9641A662CC86D2700A998FE /* States */ = {
			isa = PBXGroup;
			children = (
				C9641A672CC86D3300A998FE /* NJGameIdleState.swift */,
			);
			path = States;
			sourceTree = "<group>";
		};
		C9641A682CC86DBD00A998FE /* Nodes */ = {
			isa = PBXGroup;
			children = (
			);
			path = Nodes;
			sourceTree = "<group>";
		};
		C9641A692CC86DD900A998FE /* Models */ = {
			isa = PBXGroup;
			children = (
			);
			path = Models;
			sourceTree = "<group>";
		};
/* End PBXGroup section */

/* Begin PBXNativeTarget section */
		C91B30202CBE250100ACDF61 /* nutty_jump */ = {
			isa = PBXNativeTarget;
			buildConfigurationList = C91B30462CBE250300ACDF61 /* Build configuration list for PBXNativeTarget "nutty_jump" */;
			buildPhases = (
				C91B301D2CBE250100ACDF61 /* Sources */,
				C91B301E2CBE250100ACDF61 /* Frameworks */,
				C91B301F2CBE250100ACDF61 /* Resources */,
			);
			buildRules = (
			);
			dependencies = (
			);
			fileSystemSynchronizedGroups = (
				C91B30232CBE250100ACDF61 /* nutty_jump */,
			);
			name = nutty_jump;
			packageProductDependencies = (
			);
			productName = nutty_jump;
			productReference = C91B30212CBE250100ACDF61 /* nutty_jump.app */;
			productType = "com.apple.product-type.application";
		};
		C91B30312CBE250300ACDF61 /* nutty_jumpTests */ = {
			isa = PBXNativeTarget;
			buildConfigurationList = C91B30492CBE250300ACDF61 /* Build configuration list for PBXNativeTarget "nutty_jumpTests" */;
			buildPhases = (
				C91B302E2CBE250300ACDF61 /* Sources */,
				C91B302F2CBE250300ACDF61 /* Frameworks */,
				C91B30302CBE250300ACDF61 /* Resources */,
			);
			buildRules = (
			);
			dependencies = (
				C91B30342CBE250300ACDF61 /* PBXTargetDependency */,
			);
			fileSystemSynchronizedGroups = (
				C91B30352CBE250300ACDF61 /* nutty_jumpTests */,
			);
			name = nutty_jumpTests;
			packageProductDependencies = (
			);
			productName = nutty_jumpTests;
			productReference = C91B30322CBE250300ACDF61 /* nutty_jumpTests.xctest */;
			productType = "com.apple.product-type.bundle.unit-test";
		};
		C91B303B2CBE250300ACDF61 /* nutty_jumpUITests */ = {
			isa = PBXNativeTarget;
			buildConfigurationList = C91B304C2CBE250300ACDF61 /* Build configuration list for PBXNativeTarget "nutty_jumpUITests" */;
			buildPhases = (
				C91B30382CBE250300ACDF61 /* Sources */,
				C91B30392CBE250300ACDF61 /* Frameworks */,
				C91B303A2CBE250300ACDF61 /* Resources */,
			);
			buildRules = (
			);
			dependencies = (
				C91B303E2CBE250300ACDF61 /* PBXTargetDependency */,
			);
			fileSystemSynchronizedGroups = (
				C91B303F2CBE250300ACDF61 /* nutty_jumpUITests */,
			);
			name = nutty_jumpUITests;
			packageProductDependencies = (
			);
			productName = nutty_jumpUITests;
			productReference = C91B303C2CBE250300ACDF61 /* nutty_jumpUITests.xctest */;
			productType = "com.apple.product-type.bundle.ui-testing";
		};
/* End PBXNativeTarget section */

/* Begin PBXProject section */
		C91B30192CBE250100ACDF61 /* Project object */ = {
			isa = PBXProject;
			attributes = {
				BuildIndependentTargetsInParallel = 1;
				LastSwiftUpdateCheck = 1600;
				LastUpgradeCheck = 1600;
				TargetAttributes = {
					C91B30202CBE250100ACDF61 = {
						CreatedOnToolsVersion = 16.0;
					};
					C91B30312CBE250300ACDF61 = {
						CreatedOnToolsVersion = 16.0;
						TestTargetID = C91B30202CBE250100ACDF61;
					};
					C91B303B2CBE250300ACDF61 = {
						CreatedOnToolsVersion = 16.0;
						TestTargetID = C91B30202CBE250100ACDF61;
					};
				};
			};
			buildConfigurationList = C91B301C2CBE250100ACDF61 /* Build configuration list for PBXProject "nutty_jump" */;
			developmentRegion = en;
			hasScannedForEncodings = 0;
			knownRegions = (
				en,
				Base,
			);
			mainGroup = C91B30182CBE250100ACDF61;
			minimizedProjectReferenceProxies = 1;
			preferredProjectObjectVersion = 77;
			productRefGroup = C91B30222CBE250100ACDF61 /* Products */;
			projectDirPath = "";
			projectRoot = "";
			targets = (
				C91B30202CBE250100ACDF61 /* nutty_jump */,
				C91B30312CBE250300ACDF61 /* nutty_jumpTests */,
				C91B303B2CBE250300ACDF61 /* nutty_jumpUITests */,
			);
		};
/* End PBXProject section */

/* Begin PBXResourcesBuildPhase section */
		C91B301F2CBE250100ACDF61 /* Resources */ = {
			isa = PBXResourcesBuildPhase;
			buildActionMask = 2147483647;
			files = (
				C9641A412CC8602300A998FE /* Assets.xcassets in Resources */,
			);
			runOnlyForDeploymentPostprocessing = 0;
		};
		C91B30302CBE250300ACDF61 /* Resources */ = {
			isa = PBXResourcesBuildPhase;
			buildActionMask = 2147483647;
			files = (
			);
			runOnlyForDeploymentPostprocessing = 0;
		};
		C91B303A2CBE250300ACDF61 /* Resources */ = {
			isa = PBXResourcesBuildPhase;
			buildActionMask = 2147483647;
			files = (
			);
			runOnlyForDeploymentPostprocessing = 0;
		};
/* End PBXResourcesBuildPhase section */

/* Begin PBXSourcesBuildPhase section */
		C91B301D2CBE250100ACDF61 /* Sources */ = {
			isa = PBXSourcesBuildPhase;
			buildActionMask = 2147483647;
			files = (
				C9641A4C2CC8629F00A998FE /* Dependencies.swift in Sources */,
				C9641A4D2CC8629F00A998FE /* GameModeType.swift in Sources */,
				C9641A4E2CC8629F00A998FE /* GameType.swift in Sources */,
				C9641A4F2CC8629F00A998FE /* GameContext.swift in Sources */,
			);
			runOnlyForDeploymentPostprocessing = 0;
		};
		C91B302E2CBE250300ACDF61 /* Sources */ = {
			isa = PBXSourcesBuildPhase;
			buildActionMask = 2147483647;
			files = (
			);
			runOnlyForDeploymentPostprocessing = 0;
		};
		C91B30382CBE250300ACDF61 /* Sources */ = {
			isa = PBXSourcesBuildPhase;
			buildActionMask = 2147483647;
			files = (
			);
			runOnlyForDeploymentPostprocessing = 0;
		};
/* End PBXSourcesBuildPhase section */

/* Begin PBXTargetDependency section */
		C91B30342CBE250300ACDF61 /* PBXTargetDependency */ = {
			isa = PBXTargetDependency;
			target = C91B30202CBE250100ACDF61 /* nutty_jump */;
			targetProxy = C91B30332CBE250300ACDF61 /* PBXContainerItemProxy */;
		};
		C91B303E2CBE250300ACDF61 /* PBXTargetDependency */ = {
			isa = PBXTargetDependency;
			target = C91B30202CBE250100ACDF61 /* nutty_jump */;
			targetProxy = C91B303D2CBE250300ACDF61 /* PBXContainerItemProxy */;
		};
/* End PBXTargetDependency section */

/* Begin XCBuildConfiguration section */
		C91B30442CBE250300ACDF61 /* Debug */ = {
			isa = XCBuildConfiguration;
			buildSettings = {
				ALWAYS_SEARCH_USER_PATHS = NO;
				ASSETCATALOG_COMPILER_GENERATE_SWIFT_ASSET_SYMBOL_EXTENSIONS = YES;
				CLANG_ANALYZER_NONNULL = YES;
				CLANG_ANALYZER_NUMBER_OBJECT_CONVERSION = YES_AGGRESSIVE;
				CLANG_CXX_LANGUAGE_STANDARD = "gnu++20";
				CLANG_ENABLE_MODULES = YES;
				CLANG_ENABLE_OBJC_ARC = YES;
				CLANG_ENABLE_OBJC_WEAK = YES;
				CLANG_WARN_BLOCK_CAPTURE_AUTORELEASING = YES;
				CLANG_WARN_BOOL_CONVERSION = YES;
				CLANG_WARN_COMMA = YES;
				CLANG_WARN_CONSTANT_CONVERSION = YES;
				CLANG_WARN_DEPRECATED_OBJC_IMPLEMENTATIONS = YES;
				CLANG_WARN_DIRECT_OBJC_ISA_USAGE = YES_ERROR;
				CLANG_WARN_DOCUMENTATION_COMMENTS = YES;
				CLANG_WARN_EMPTY_BODY = YES;
				CLANG_WARN_ENUM_CONVERSION = YES;
				CLANG_WARN_INFINITE_RECURSION = YES;
				CLANG_WARN_INT_CONVERSION = YES;
				CLANG_WARN_NON_LITERAL_NULL_CONVERSION = YES;
				CLANG_WARN_OBJC_IMPLICIT_RETAIN_SELF = YES;
				CLANG_WARN_OBJC_LITERAL_CONVERSION = YES;
				CLANG_WARN_OBJC_ROOT_CLASS = YES_ERROR;
				CLANG_WARN_QUOTED_INCLUDE_IN_FRAMEWORK_HEADER = YES;
				CLANG_WARN_RANGE_LOOP_ANALYSIS = YES;
				CLANG_WARN_STRICT_PROTOTYPES = YES;
				CLANG_WARN_SUSPICIOUS_MOVE = YES;
				CLANG_WARN_UNGUARDED_AVAILABILITY = YES_AGGRESSIVE;
				CLANG_WARN_UNREACHABLE_CODE = YES;
				CLANG_WARN__DUPLICATE_METHOD_MATCH = YES;
				COPY_PHASE_STRIP = NO;
				DEBUG_INFORMATION_FORMAT = dwarf;
				ENABLE_STRICT_OBJC_MSGSEND = YES;
				ENABLE_TESTABILITY = YES;
				ENABLE_USER_SCRIPT_SANDBOXING = YES;
				GCC_C_LANGUAGE_STANDARD = gnu17;
				GCC_DYNAMIC_NO_PIC = NO;
				GCC_NO_COMMON_BLOCKS = YES;
				GCC_OPTIMIZATION_LEVEL = 0;
				GCC_PREPROCESSOR_DEFINITIONS = (
					"DEBUG=1",
					"$(inherited)",
				);
				GCC_WARN_64_TO_32_BIT_CONVERSION = YES;
				GCC_WARN_ABOUT_RETURN_TYPE = YES_ERROR;
				GCC_WARN_UNDECLARED_SELECTOR = YES;
				GCC_WARN_UNINITIALIZED_AUTOS = YES_AGGRESSIVE;
				GCC_WARN_UNUSED_FUNCTION = YES;
				GCC_WARN_UNUSED_VARIABLE = YES;
				LOCALIZATION_PREFERS_STRING_CATALOGS = YES;
				MTL_ENABLE_DEBUG_INFO = INCLUDE_SOURCE;
				MTL_FAST_MATH = YES;
				ONLY_ACTIVE_ARCH = YES;
				SWIFT_ACTIVE_COMPILATION_CONDITIONS = "DEBUG $(inherited)";
				SWIFT_OPTIMIZATION_LEVEL = "-Onone";
			};
			name = Debug;
		};
		C91B30452CBE250300ACDF61 /* Release */ = {
			isa = XCBuildConfiguration;
			buildSettings = {
				ALWAYS_SEARCH_USER_PATHS = NO;
				ASSETCATALOG_COMPILER_GENERATE_SWIFT_ASSET_SYMBOL_EXTENSIONS = YES;
				CLANG_ANALYZER_NONNULL = YES;
				CLANG_ANALYZER_NUMBER_OBJECT_CONVERSION = YES_AGGRESSIVE;
				CLANG_CXX_LANGUAGE_STANDARD = "gnu++20";
				CLANG_ENABLE_MODULES = YES;
				CLANG_ENABLE_OBJC_ARC = YES;
				CLANG_ENABLE_OBJC_WEAK = YES;
				CLANG_WARN_BLOCK_CAPTURE_AUTORELEASING = YES;
				CLANG_WARN_BOOL_CONVERSION = YES;
				CLANG_WARN_COMMA = YES;
				CLANG_WARN_CONSTANT_CONVERSION = YES;
				CLANG_WARN_DEPRECATED_OBJC_IMPLEMENTATIONS = YES;
				CLANG_WARN_DIRECT_OBJC_ISA_USAGE = YES_ERROR;
				CLANG_WARN_DOCUMENTATION_COMMENTS = YES;
				CLANG_WARN_EMPTY_BODY = YES;
				CLANG_WARN_ENUM_CONVERSION = YES;
				CLANG_WARN_INFINITE_RECURSION = YES;
				CLANG_WARN_INT_CONVERSION = YES;
				CLANG_WARN_NON_LITERAL_NULL_CONVERSION = YES;
				CLANG_WARN_OBJC_IMPLICIT_RETAIN_SELF = YES;
				CLANG_WARN_OBJC_LITERAL_CONVERSION = YES;
				CLANG_WARN_OBJC_ROOT_CLASS = YES_ERROR;
				CLANG_WARN_QUOTED_INCLUDE_IN_FRAMEWORK_HEADER = YES;
				CLANG_WARN_RANGE_LOOP_ANALYSIS = YES;
				CLANG_WARN_STRICT_PROTOTYPES = YES;
				CLANG_WARN_SUSPICIOUS_MOVE = YES;
				CLANG_WARN_UNGUARDED_AVAILABILITY = YES_AGGRESSIVE;
				CLANG_WARN_UNREACHABLE_CODE = YES;
				CLANG_WARN__DUPLICATE_METHOD_MATCH = YES;
				COPY_PHASE_STRIP = NO;
				DEBUG_INFORMATION_FORMAT = "dwarf-with-dsym";
				ENABLE_NS_ASSERTIONS = NO;
				ENABLE_STRICT_OBJC_MSGSEND = YES;
				ENABLE_USER_SCRIPT_SANDBOXING = YES;
				GCC_C_LANGUAGE_STANDARD = gnu17;
				GCC_NO_COMMON_BLOCKS = YES;
				GCC_WARN_64_TO_32_BIT_CONVERSION = YES;
				GCC_WARN_ABOUT_RETURN_TYPE = YES_ERROR;
				GCC_WARN_UNDECLARED_SELECTOR = YES;
				GCC_WARN_UNINITIALIZED_AUTOS = YES_AGGRESSIVE;
				GCC_WARN_UNUSED_FUNCTION = YES;
				GCC_WARN_UNUSED_VARIABLE = YES;
				LOCALIZATION_PREFERS_STRING_CATALOGS = YES;
				MTL_ENABLE_DEBUG_INFO = NO;
				MTL_FAST_MATH = YES;
				SWIFT_COMPILATION_MODE = wholemodule;
			};
			name = Release;
		};
		C91B30472CBE250300ACDF61 /* Debug */ = {
			isa = XCBuildConfiguration;
			buildSettings = {
				ASSETCATALOG_COMPILER_APPICON_NAME = AppIcon;
				ASSETCATALOG_COMPILER_GLOBAL_ACCENT_COLOR_NAME = AccentColor;
				CODE_SIGN_ENTITLEMENTS = nutty_jump/nutty_jump.entitlements;
				CODE_SIGN_STYLE = Automatic;
				CURRENT_PROJECT_VERSION = 1;
				DEVELOPMENT_ASSET_PATHS = "\"nutty_jump/Preview Content\"";
				ENABLE_PREVIEWS = YES;
				GENERATE_INFOPLIST_FILE = YES;
				"INFOPLIST_KEY_UIApplicationSceneManifest_Generation[sdk=iphoneos*]" = YES;
				"INFOPLIST_KEY_UIApplicationSceneManifest_Generation[sdk=iphonesimulator*]" = YES;
				"INFOPLIST_KEY_UIApplicationSupportsIndirectInputEvents[sdk=iphoneos*]" = YES;
				"INFOPLIST_KEY_UIApplicationSupportsIndirectInputEvents[sdk=iphonesimulator*]" = YES;
				"INFOPLIST_KEY_UILaunchScreen_Generation[sdk=iphoneos*]" = YES;
				"INFOPLIST_KEY_UILaunchScreen_Generation[sdk=iphonesimulator*]" = YES;
				"INFOPLIST_KEY_UIStatusBarStyle[sdk=iphoneos*]" = UIStatusBarStyleDefault;
				"INFOPLIST_KEY_UIStatusBarStyle[sdk=iphonesimulator*]" = UIStatusBarStyleDefault;
				INFOPLIST_KEY_UISupportedInterfaceOrientations_iPad = "UIInterfaceOrientationPortrait UIInterfaceOrientationPortraitUpsideDown UIInterfaceOrientationLandscapeLeft UIInterfaceOrientationLandscapeRight";
				INFOPLIST_KEY_UISupportedInterfaceOrientations_iPhone = "UIInterfaceOrientationPortrait UIInterfaceOrientationLandscapeLeft UIInterfaceOrientationLandscapeRight";
				IPHONEOS_DEPLOYMENT_TARGET = 18.0;
				LD_RUNPATH_SEARCH_PATHS = "@executable_path/Frameworks";
				"LD_RUNPATH_SEARCH_PATHS[sdk=macosx*]" = "@executable_path/../Frameworks";
				MACOSX_DEPLOYMENT_TARGET = 14.7;
				MARKETING_VERSION = 1.0;
				PRODUCT_BUNDLE_IDENTIFIER = "com.hyel.nutty-jump";
				PRODUCT_NAME = "$(TARGET_NAME)";
				SDKROOT = auto;
				SUPPORTED_PLATFORMS = "iphoneos iphonesimulator macosx xros xrsimulator";
				SWIFT_EMIT_LOC_STRINGS = YES;
				SWIFT_VERSION = 5.0;
				TARGETED_DEVICE_FAMILY = "1,2,7";
				XROS_DEPLOYMENT_TARGET = 2.0;
			};
			name = Debug;
		};
		C91B30482CBE250300ACDF61 /* Release */ = {
			isa = XCBuildConfiguration;
			buildSettings = {
				ASSETCATALOG_COMPILER_APPICON_NAME = AppIcon;
				ASSETCATALOG_COMPILER_GLOBAL_ACCENT_COLOR_NAME = AccentColor;
				CODE_SIGN_ENTITLEMENTS = nutty_jump/nutty_jump.entitlements;
				CODE_SIGN_STYLE = Automatic;
				CURRENT_PROJECT_VERSION = 1;
				DEVELOPMENT_ASSET_PATHS = "\"nutty_jump/Preview Content\"";
				ENABLE_PREVIEWS = YES;
				GENERATE_INFOPLIST_FILE = YES;
				"INFOPLIST_KEY_UIApplicationSceneManifest_Generation[sdk=iphoneos*]" = YES;
				"INFOPLIST_KEY_UIApplicationSceneManifest_Generation[sdk=iphonesimulator*]" = YES;
				"INFOPLIST_KEY_UIApplicationSupportsIndirectInputEvents[sdk=iphoneos*]" = YES;
				"INFOPLIST_KEY_UIApplicationSupportsIndirectInputEvents[sdk=iphonesimulator*]" = YES;
				"INFOPLIST_KEY_UILaunchScreen_Generation[sdk=iphoneos*]" = YES;
				"INFOPLIST_KEY_UILaunchScreen_Generation[sdk=iphonesimulator*]" = YES;
				"INFOPLIST_KEY_UIStatusBarStyle[sdk=iphoneos*]" = UIStatusBarStyleDefault;
				"INFOPLIST_KEY_UIStatusBarStyle[sdk=iphonesimulator*]" = UIStatusBarStyleDefault;
				INFOPLIST_KEY_UISupportedInterfaceOrientations_iPad = "UIInterfaceOrientationPortrait UIInterfaceOrientationPortraitUpsideDown UIInterfaceOrientationLandscapeLeft UIInterfaceOrientationLandscapeRight";
				INFOPLIST_KEY_UISupportedInterfaceOrientations_iPhone = "UIInterfaceOrientationPortrait UIInterfaceOrientationLandscapeLeft UIInterfaceOrientationLandscapeRight";
				IPHONEOS_DEPLOYMENT_TARGET = 18.0;
				LD_RUNPATH_SEARCH_PATHS = "@executable_path/Frameworks";
				"LD_RUNPATH_SEARCH_PATHS[sdk=macosx*]" = "@executable_path/../Frameworks";
				MACOSX_DEPLOYMENT_TARGET = 14.7;
				MARKETING_VERSION = 1.0;
				PRODUCT_BUNDLE_IDENTIFIER = "com.hyel.nutty-jump";
				PRODUCT_NAME = "$(TARGET_NAME)";
				SDKROOT = auto;
				SUPPORTED_PLATFORMS = "iphoneos iphonesimulator macosx xros xrsimulator";
				SWIFT_EMIT_LOC_STRINGS = YES;
				SWIFT_VERSION = 5.0;
				TARGETED_DEVICE_FAMILY = "1,2,7";
				XROS_DEPLOYMENT_TARGET = 2.0;
			};
			name = Release;
		};
		C91B304A2CBE250300ACDF61 /* Debug */ = {
			isa = XCBuildConfiguration;
			buildSettings = {
				BUNDLE_LOADER = "$(TEST_HOST)";
				CODE_SIGN_STYLE = Automatic;
				CURRENT_PROJECT_VERSION = 1;
				GENERATE_INFOPLIST_FILE = YES;
				IPHONEOS_DEPLOYMENT_TARGET = 18.0;
				MACOSX_DEPLOYMENT_TARGET = 14.7;
				MARKETING_VERSION = 1.0;
				PRODUCT_BUNDLE_IDENTIFIER = "HYEL.nutty-jumpTests";
				PRODUCT_NAME = "$(TARGET_NAME)";
				SDKROOT = auto;
				SUPPORTED_PLATFORMS = "iphoneos iphonesimulator macosx xros xrsimulator";
				SWIFT_EMIT_LOC_STRINGS = NO;
				SWIFT_VERSION = 5.0;
				TARGETED_DEVICE_FAMILY = "1,2,7";
				TEST_HOST = "$(BUILT_PRODUCTS_DIR)/nutty_jump.app/$(BUNDLE_EXECUTABLE_FOLDER_PATH)/nutty_jump";
				XROS_DEPLOYMENT_TARGET = 2.0;
			};
			name = Debug;
		};
		C91B304B2CBE250300ACDF61 /* Release */ = {
			isa = XCBuildConfiguration;
			buildSettings = {
				BUNDLE_LOADER = "$(TEST_HOST)";
				CODE_SIGN_STYLE = Automatic;
				CURRENT_PROJECT_VERSION = 1;
				GENERATE_INFOPLIST_FILE = YES;
				IPHONEOS_DEPLOYMENT_TARGET = 18.0;
				MACOSX_DEPLOYMENT_TARGET = 14.7;
				MARKETING_VERSION = 1.0;
				PRODUCT_BUNDLE_IDENTIFIER = "HYEL.nutty-jumpTests";
				PRODUCT_NAME = "$(TARGET_NAME)";
				SDKROOT = auto;
				SUPPORTED_PLATFORMS = "iphoneos iphonesimulator macosx xros xrsimulator";
				SWIFT_EMIT_LOC_STRINGS = NO;
				SWIFT_VERSION = 5.0;
				TARGETED_DEVICE_FAMILY = "1,2,7";
				TEST_HOST = "$(BUILT_PRODUCTS_DIR)/nutty_jump.app/$(BUNDLE_EXECUTABLE_FOLDER_PATH)/nutty_jump";
				XROS_DEPLOYMENT_TARGET = 2.0;
			};
			name = Release;
		};
		C91B304D2CBE250300ACDF61 /* Debug */ = {
			isa = XCBuildConfiguration;
			buildSettings = {
				CODE_SIGN_STYLE = Automatic;
				CURRENT_PROJECT_VERSION = 1;
				GENERATE_INFOPLIST_FILE = YES;
				IPHONEOS_DEPLOYMENT_TARGET = 18.0;
				MACOSX_DEPLOYMENT_TARGET = 14.7;
				MARKETING_VERSION = 1.0;
				PRODUCT_BUNDLE_IDENTIFIER = "HYEL.nutty-jumpUITests";
				PRODUCT_NAME = "$(TARGET_NAME)";
				SDKROOT = auto;
				SUPPORTED_PLATFORMS = "iphoneos iphonesimulator macosx xros xrsimulator";
				SWIFT_EMIT_LOC_STRINGS = NO;
				SWIFT_VERSION = 5.0;
				TARGETED_DEVICE_FAMILY = "1,2,7";
				TEST_TARGET_NAME = nutty_jump;
				XROS_DEPLOYMENT_TARGET = 2.0;
			};
			name = Debug;
		};
		C91B304E2CBE250300ACDF61 /* Release */ = {
			isa = XCBuildConfiguration;
			buildSettings = {
				CODE_SIGN_STYLE = Automatic;
				CURRENT_PROJECT_VERSION = 1;
				GENERATE_INFOPLIST_FILE = YES;
				IPHONEOS_DEPLOYMENT_TARGET = 18.0;
				MACOSX_DEPLOYMENT_TARGET = 14.7;
				MARKETING_VERSION = 1.0;
				PRODUCT_BUNDLE_IDENTIFIER = "HYEL.nutty-jumpUITests";
				PRODUCT_NAME = "$(TARGET_NAME)";
				SDKROOT = auto;
				SUPPORTED_PLATFORMS = "iphoneos iphonesimulator macosx xros xrsimulator";
				SWIFT_EMIT_LOC_STRINGS = NO;
				SWIFT_VERSION = 5.0;
				TARGETED_DEVICE_FAMILY = "1,2,7";
				TEST_TARGET_NAME = nutty_jump;
				XROS_DEPLOYMENT_TARGET = 2.0;
			};
			name = Release;
		};
/* End XCBuildConfiguration section */

/* Begin XCConfigurationList section */
		C91B301C2CBE250100ACDF61 /* Build configuration list for PBXProject "nutty_jump" */ = {
			isa = XCConfigurationList;
			buildConfigurations = (
				C91B30442CBE250300ACDF61 /* Debug */,
				C91B30452CBE250300ACDF61 /* Release */,
			);
			defaultConfigurationIsVisible = 0;
			defaultConfigurationName = Release;
		};
		C91B30462CBE250300ACDF61 /* Build configuration list for PBXNativeTarget "nutty_jump" */ = {
			isa = XCConfigurationList;
			buildConfigurations = (
				C91B30472CBE250300ACDF61 /* Debug */,
				C91B30482CBE250300ACDF61 /* Release */,
			);
			defaultConfigurationIsVisible = 0;
			defaultConfigurationName = Release;
		};
		C91B30492CBE250300ACDF61 /* Build configuration list for PBXNativeTarget "nutty_jumpTests" */ = {
			isa = XCConfigurationList;
			buildConfigurations = (
				C91B304A2CBE250300ACDF61 /* Debug */,
				C91B304B2CBE250300ACDF61 /* Release */,
			);
			defaultConfigurationIsVisible = 0;
			defaultConfigurationName = Release;
		};
		C91B304C2CBE250300ACDF61 /* Build configuration list for PBXNativeTarget "nutty_jumpUITests" */ = {
			isa = XCConfigurationList;
			buildConfigurations = (
				C91B304D2CBE250300ACDF61 /* Debug */,
				C91B304E2CBE250300ACDF61 /* Release */,
			);
			defaultConfigurationIsVisible = 0;
			defaultConfigurationName = Release;
		};
/* End XCConfigurationList section */
	};
	rootObject = C91B30192CBE250100ACDF61 /* Project object */;
}
